
Microsoft Visual Studio Solution File, Format Version 12.00
# Visual Studio Version 17
VisualStudioVersion = 17.3.32929.385
MinimumVisualStudioVersion = 10.0.40219.1
Project("{888888A0-9F3D-457C-B088-3A5042F75D52}") = "Bias and Fairness", "Bias and Fairness.pyproj", "{705B103C-C671-4A0D-AC2E-A2DD2D3B9E07}"
EndProject
Global
	GlobalSection(SolutionConfigurationPlatforms) = preSolution
		Debug|Any CPU = Debug|Any CPU
		Release|Any CPU = Release|Any CPU
	EndGlobalSection
	GlobalSection(ProjectConfigurationPlatforms) = postSolution
		{705B103C-C671-4A0D-AC2E-A2DD2D3B9E07}.Debug|Any CPU.ActiveCfg = Debug|Any CPU
		{705B103C-C671-4A0D-AC2E-A2DD2D3B9E07}.Release|Any CPU.ActiveCfg = Release|Any CPU
	EndGlobalSection
	GlobalSection(SolutionProperties) = preSolution
		HideSolutionNode = FALSE
	EndGlobalSection
	GlobalSection(ExtensibilityGlobals) = postSolution
		SolutionGuid = {AD7E419E-770C-4E8F-ABB7-DDA305DF4937}
	EndGlobalSection
EndGlobal
